// !$*UTF8*$!
{
	archiveVersion = 1;
	classes = {
	};
	objectVersion = 46;
	objects = {

/* Begin PBXBuildFile section */
		BCBD8CD51CB2C119008D3EB1 /* AppDelegate.swift in Sources */ = {isa = PBXBuildFile; fileRef = BCBD8CD41CB2C119008D3EB1 /* AppDelegate.swift */; };
		BCBD8CDA1CB2C119008D3EB1 /* Main.storyboard in Resources */ = {isa = PBXBuildFile; fileRef = BCBD8CD81CB2C119008D3EB1 /* Main.storyboard */; };
		BCBD8CDC1CB2C119008D3EB1 /* Assets.xcassets in Resources */ = {isa = PBXBuildFile; fileRef = BCBD8CDB1CB2C119008D3EB1 /* Assets.xcassets */; };
		BCBD8CDF1CB2C119008D3EB1 /* LaunchScreen.storyboard in Resources */ = {isa = PBXBuildFile; fileRef = BCBD8CDD1CB2C119008D3EB1 /* LaunchScreen.storyboard */; };
		BCBD8CEB1CB3046B008D3EB1 /* AppearanceController.swift in Sources */ = {isa = PBXBuildFile; fileRef = BCBD8CE91CB3046B008D3EB1 /* AppearanceController.swift */; };
		BCBD8CEC1CB3046B008D3EB1 /* UIColor+AppPallette.swift in Sources */ = {isa = PBXBuildFile; fileRef = BCBD8CEA1CB3046B008D3EB1 /* UIColor+AppPallette.swift */; };
		BCBD8CF11CB3070B008D3EB1 /* Entry.swift in Sources */ = {isa = PBXBuildFile; fileRef = BCBD8CF01CB3070B008D3EB1 /* Entry.swift */; };
		BCBD8CF31CB30978008D3EB1 /* EntryListViewController.swift in Sources */ = {isa = PBXBuildFile; fileRef = BCBD8CF21CB30978008D3EB1 /* EntryListViewController.swift */; };
		BCBD8CF71CB31175008D3EB1 /* EntryController.swift in Sources */ = {isa = PBXBuildFile; fileRef = BCBD8CF61CB31175008D3EB1 /* EntryController.swift */; };
/* End PBXBuildFile section */

/* Begin PBXFileReference section */
		BCBD8CD11CB2C119008D3EB1 /* Journal_Redo.app */ = {isa = PBXFileReference; explicitFileType = wrapper.application; includeInIndex = 0; path = Journal_Redo.app; sourceTree = BUILT_PRODUCTS_DIR; };
		BCBD8CD41CB2C119008D3EB1 /* AppDelegate.swift */ = {isa = PBXFileReference; lastKnownFileType = sourcecode.swift; path = AppDelegate.swift; sourceTree = "<group>"; };
		BCBD8CD91CB2C119008D3EB1 /* Base */ = {isa = PBXFileReference; lastKnownFileType = file.storyboard; name = Base; path = Base.lproj/Main.storyboard; sourceTree = "<group>"; };
		BCBD8CDB1CB2C119008D3EB1 /* Assets.xcassets */ = {isa = PBXFileReference; lastKnownFileType = folder.assetcatalog; path = Assets.xcassets; sourceTree = "<group>"; };
		BCBD8CDE1CB2C119008D3EB1 /* Base */ = {isa = PBXFileReference; lastKnownFileType = file.storyboard; name = Base; path = Base.lproj/LaunchScreen.storyboard; sourceTree = "<group>"; };
		BCBD8CE01CB2C119008D3EB1 /* Info.plist */ = {isa = PBXFileReference; lastKnownFileType = text.plist.xml; path = Info.plist; sourceTree = "<group>"; };
		BCBD8CE91CB3046B008D3EB1 /* AppearanceController.swift */ = {isa = PBXFileReference; fileEncoding = 4; lastKnownFileType = sourcecode.swift; path = AppearanceController.swift; sourceTree = "<group>"; };
		BCBD8CEA1CB3046B008D3EB1 /* UIColor+AppPallette.swift */ = {isa = PBXFileReference; fileEncoding = 4; lastKnownFileType = sourcecode.swift; path = "UIColor+AppPallette.swift"; sourceTree = "<group>"; };
		BCBD8CF01CB3070B008D3EB1 /* Entry.swift */ = {isa = PBXFileReference; fileEncoding = 4; lastKnownFileType = sourcecode.swift; path = Entry.swift; sourceTree = "<group>"; };
		BCBD8CF21CB30978008D3EB1 /* EntryListViewController.swift */ = {isa = PBXFileReference; fileEncoding = 4; lastKnownFileType = sourcecode.swift; path = EntryListViewController.swift; sourceTree = "<group>"; };
		BCBD8CF61CB31175008D3EB1 /* EntryController.swift */ = {isa = PBXFileReference; fileEncoding = 4; lastKnownFileType = sourcecode.swift; path = EntryController.swift; sourceTree = "<group>"; };
/* End PBXFileReference section */

/* Begin PBXFrameworksBuildPhase section */
		BCBD8CCE1CB2C119008D3EB1 /* Frameworks */ = {
			isa = PBXFrameworksBuildPhase;
			buildActionMask = 2147483647;
			files = (
			);
			runOnlyForDeploymentPostprocessing = 0;
		};
/* End PBXFrameworksBuildPhase section */

/* Begin PBXGroup section */
		BCBD8CC81CB2C119008D3EB1 = {
			isa = PBXGroup;
			children = (
				BCBD8CD31CB2C119008D3EB1 /* Journal_Redo */,
				BCBD8CD21CB2C119008D3EB1 /* Products */,
			);
			sourceTree = "<group>";
		};
		BCBD8CD21CB2C119008D3EB1 /* Products */ = {
			isa = PBXGroup;
			children = (
				BCBD8CD11CB2C119008D3EB1 /* Journal_Redo.app */,
			);
			name = Products;
			sourceTree = "<group>";
		};
		BCBD8CD31CB2C119008D3EB1 /* Journal_Redo */ = {
			isa = PBXGroup;
			children = (
				BCBD8CED1CB304CF008D3EB1 /* Utility */,
				BCBD8CE81CB2CAD0008D3EB1 /* Model */,
				BCBD8CE71CB2CACB008D3EB1 /* View */,
				BCBD8CE61CB2CAC3008D3EB1 /* Controller */,
				BCBD8CD81CB2C119008D3EB1 /* Main.storyboard */,
				BCBD8CDB1CB2C119008D3EB1 /* Assets.xcassets */,
				BCBD8CDD1CB2C119008D3EB1 /* LaunchScreen.storyboard */,
				BCBD8CE01CB2C119008D3EB1 /* Info.plist */,
				BCBD8CD41CB2C119008D3EB1 /* AppDelegate.swift */,
			);
			path = Journal_Redo;
			sourceTree = "<group>";
		};
		BCBD8CE61CB2CAC3008D3EB1 /* Controller */ = {
			isa = PBXGroup;
			children = (
				BCBD8CE91CB3046B008D3EB1 /* AppearanceController.swift */,
				BCBD8CF61CB31175008D3EB1 /* EntryController.swift */,
			);
			name = Controller;
			sourceTree = "<group>";
		};
		BCBD8CE71CB2CACB008D3EB1 /* View */ = {
			isa = PBXGroup;
			children = (
				BCBD8CF21CB30978008D3EB1 /* EntryListViewController.swift */,
			);
			name = View;
			sourceTree = "<group>";
		};
		BCBD8CE81CB2CAD0008D3EB1 /* Model */ = {
			isa = PBXGroup;
			children = (
				BCBD8CF01CB3070B008D3EB1 /* Entry.swift */,
			);
			name = Model;
			sourceTree = "<group>";
		};
		BCBD8CED1CB304CF008D3EB1 /* Utility */ = {
			isa = PBXGroup;
			children = (
				BCBD8CEA1CB3046B008D3EB1 /* UIColor+AppPallette.swift */,
			);
			name = Utility;
			sourceTree = "<group>";
		};
/* End PBXGroup section */

/* Begin PBXNativeTarget section */
		BCBD8CD01CB2C119008D3EB1 /* Journal_Redo */ = {
			isa = PBXNativeTarget;
			buildConfigurationList = BCBD8CE31CB2C119008D3EB1 /* Build configuration list for PBXNativeTarget "Journal_Redo" */;
			buildPhases = (
				BCBD8CCD1CB2C119008D3EB1 /* Sources */,
				BCBD8CCE1CB2C119008D3EB1 /* Frameworks */,
				BCBD8CCF1CB2C119008D3EB1 /* Resources */,
			);
			buildRules = (
			);
			dependencies = (
			);
			name = Journal_Redo;
			productName = Journal_Redo;
			productReference = BCBD8CD11CB2C119008D3EB1 /* Journal_Redo.app */;
			productType = "com.apple.product-type.application";
		};
/* End PBXNativeTarget section */

/* Begin PBXProject section */
		BCBD8CC91CB2C119008D3EB1 /* Project object */ = {
			isa = PBXProject;
			attributes = {
				LastSwiftUpdateCheck = 0730;
				LastUpgradeCheck = 0730;
				ORGANIZATIONNAME = home;
				TargetAttributes = {
					BCBD8CD01CB2C119008D3EB1 = {
						CreatedOnToolsVersion = 7.3;
					};
				};
			};
			buildConfigurationList = BCBD8CCC1CB2C119008D3EB1 /* Build configuration list for PBXProject "Journal_Redo" */;
			compatibilityVersion = "Xcode 3.2";
			developmentRegion = English;
			hasScannedForEncodings = 0;
			knownRegions = (
				en,
				Base,
			);
			mainGroup = BCBD8CC81CB2C119008D3EB1;
			productRefGroup = BCBD8CD21CB2C119008D3EB1 /* Products */;
			projectDirPath = "";
			projectRoot = "";
			targets = (
				BCBD8CD01CB2C119008D3EB1 /* Journal_Redo */,
			);
		};
/* End PBXProject section */

/* Begin PBXResourcesBuildPhase section */
		BCBD8CCF1CB2C119008D3EB1 /* Resources */ = {
			isa = PBXResourcesBuildPhase;
			buildActionMask = 2147483647;
			files = (
				BCBD8CDF1CB2C119008D3EB1 /* LaunchScreen.storyboard in Resources */,
				BCBD8CDC1CB2C119008D3EB1 /* Assets.xcassets in Resources */,
				BCBD8CDA1CB2C119008D3EB1 /* Main.storyboard in Resources */,
			);
			runOnlyForDeploymentPostprocessing = 0;
		};
/* End PBXResourcesBuildPhase section */

/* Begin PBXSourcesBuildPhase section */
		BCBD8CCD1CB2C119008D3EB1 /* Sources */ = {
			isa = PBXSourcesBuildPhase;
			buildActionMask = 2147483647;
			files = (
				BCBD8CF71CB31175008D3EB1 /* EntryController.swift in Sources */,
				BCBD8CF11CB3070B008D3EB1 /* Entry.swift in Sources */,
				BCBD8CD51CB2C119008D3EB1 /* AppDelegate.swift in Sources */,
				BCBD8CF31CB30978008D3EB1 /* EntryListViewController.swift in Sources */,
				BCBD8CEC1CB3046B008D3EB1 /* UIColor+AppPallette.swift in Sources */,
				BCBD8CEB1CB3046B008D3EB1 /* AppearanceController.swift in Sources */,
			);
			runOnlyForDeploymentPostprocessing = 0;
		};
/* End PBXSourcesBuildPhase section */

/* Begin PBXVariantGroup section */
		BCBD8CD81CB2C119008D3EB1 /* Main.storyboard */ = {
			isa = PBXVariantGroup;
			children = (
				BCBD8CD91CB2C119008D3EB1 /* Base */,
			);
			name = Main.storyboard;
			sourceTree = "<group>";
		};
		BCBD8CDD1CB2C119008D3EB1 /* LaunchScreen.storyboard */ = {
			isa = PBXVariantGroup;
			children = (
				BCBD8CDE1CB2C119008D3EB1 /* Base */,
			);
			name = LaunchScreen.storyboard;
			sourceTree = "<group>";
		};
/* End PBXVariantGroup section */

/* Begin XCBuildConfiguration section */
		BCBD8CE11CB2C119008D3EB1 /* Debug */ = {
			isa = XCBuildConfiguration;
			buildSettings = {
				ALWAYS_SEARCH_USER_PATHS = NO;
				CLANG_ANALYZER_NONNULL = YES;
				CLANG_CXX_LANGUAGE_STANDARD = "gnu++0x";
				CLANG_CXX_LIBRARY = "libc++";
				CLANG_ENABLE_MODULES = YES;
				CLANG_ENABLE_OBJC_ARC = YES;
				CLANG_WARN_BOOL_CONVERSION = YES;
				CLANG_WARN_CONSTANT_CONVERSION = YES;
				CLANG_WARN_DIRECT_OBJC_ISA_USAGE = YES_ERROR;
				CLANG_WARN_EMPTY_BODY = YES;
				CLANG_WARN_ENUM_CONVERSION = YES;
				CLANG_WARN_INT_CONVERSION = YES;
				CLANG_WARN_OBJC_ROOT_CLASS = YES_ERROR;
				CLANG_WARN_UNREACHABLE_CODE = YES;
				CLANG_WARN__DUPLICATE_METHOD_MATCH = YES;
				"CODE_SIGN_IDENTITY[sdk=iphoneos*]" = "iPhone Developer";
				COPY_PHASE_STRIP = NO;
				DEBUG_INFORMATION_FORMAT = dwarf;
				ENABLE_STRICT_OBJC_MSGSEND = YES;
				ENABLE_TESTABILITY = YES;
				GCC_C_LANGUAGE_STANDARD = gnu99;
				GCC_DYNAMIC_NO_PIC = NO;
				GCC_NO_COMMON_BLOCKS = YES;
				GCC_OPTIMIZATION_LEVEL = 0;
				GCC_PREPROCESSOR_DEFINITIONS = (
					"DEBUG=1",
					"$(inherited)",
				);
				GCC_WARN_64_TO_32_BIT_CONVERSION = YES;
				GCC_WARN_ABOUT_RETURN_TYPE = YES_ERROR;
				GCC_WARN_UNDECLARED_SELECTOR = YES;
				GCC_WARN_UNINITIALIZED_AUTOS = YES_AGGRESSIVE;
				GCC_WARN_UNUSED_FUNCTION = YES;
				GCC_WARN_UNUSED_VARIABLE = YES;
				IPHONEOS_DEPLOYMENT_TARGET = 9.3;
				MTL_ENABLE_DEBUG_INFO = YES;
				ONLY_ACTIVE_ARCH = YES;
				SDKROOT = iphoneos;
				SWIFT_OPTIMIZATION_LEVEL = "-Onone";
			};
			name = Debug;
		};
		BCBD8CE21CB2C119008D3EB1 /* Release */ = {
			isa = XCBuildConfiguration;
			buildSettings = {
				ALWAYS_SEARCH_USER_PATHS = NO;
				CLANG_ANALYZER_NONNULL = YES;
				CLANG_CXX_LANGUAGE_STANDARD = "gnu++0x";
				CLANG_CXX_LIBRARY = "libc++";
				CLANG_ENABLE_MODULES = YES;
				CLANG_ENABLE_OBJC_ARC = YES;
				CLANG_WARN_BOOL_CONVERSION = YES;
				CLANG_WARN_CONSTANT_CONVERSION = YES;
				CLANG_WARN_DIRECT_OBJC_ISA_USAGE = YES_ERROR;
				CLANG_WARN_EMPTY_BODY = YES;
				CLANG_WARN_ENUM_CONVERSION = YES;
				CLANG_WARN_INT_CONVERSION = YES;
				CLANG_WARN_OBJC_ROOT_CLASS = YES_ERROR;
				CLANG_WARN_UNREACHABLE_CODE = YES;
				CLANG_WARN__DUPLICATE_METHOD_MATCH = YES;
				"CODE_SIGN_IDENTITY[sdk=iphoneos*]" = "iPhone Developer";
				COPY_PHASE_STRIP = NO;
				DEBUG_INFORMATION_FORMAT = "dwarf-with-dsym";
				ENABLE_NS_ASSERTIONS = NO;
				ENABLE_STRICT_OBJC_MSGSEND = YES;
				GCC_C_LANGUAGE_STANDARD = gnu99;
				GCC_NO_COMMON_BLOCKS = YES;
				GCC_WARN_64_TO_32_BIT_CONVERSION = YES;
				GCC_WARN_ABOUT_RETURN_TYPE = YES_ERROR;
				GCC_WARN_UNDECLARED_SELECTOR = YES;
				GCC_WARN_UNINITIALIZED_AUTOS = YES_AGGRESSIVE;
				GCC_WARN_UNUSED_FUNCTION = YES;
				GCC_WARN_UNUSED_VARIABLE = YES;
				IPHONEOS_DEPLOYMENT_TARGET = 9.3;
				MTL_ENABLE_DEBUG_INFO = NO;
				SDKROOT = iphoneos;
				VALIDATE_PRODUCT = YES;
			};
			name = Release;
		};
		BCBD8CE41CB2C119008D3EB1 /* Debug */ = {
			isa = XCBuildConfiguration;
			buildSettings = {
				ASSETCATALOG_COMPILER_APPICON_NAME = AppIcon;
				INFOPLIST_FILE = Journal_Redo/Info.plist;
				LD_RUNPATH_SEARCH_PATHS = "$(inherited) @executable_path/Frameworks";
				PRODUCT_BUNDLE_IDENTIFIER = "com.diegoa3d.Journal-Redo";
				PRODUCT_NAME = "$(TARGET_NAME)";
			};
			name = Debug;
		};
		BCBD8CE51CB2C119008D3EB1 /* Release */ = {
			isa = XCBuildConfiguration;
			buildSettings = {
				ASSETCATALOG_COMPILER_APPICON_NAME = AppIcon;
				INFOPLIST_FILE = Journal_Redo/Info.plist;
				LD_RUNPATH_SEARCH_PATHS = "$(inherited) @executable_path/Frameworks";
				PRODUCT_BUNDLE_IDENTIFIER = "com.diegoa3d.Journal-Redo";
				PRODUCT_NAME = "$(TARGET_NAME)";
			};
			name = Release;
		};
/* End XCBuildConfiguration section */

/* Begin XCConfigurationList section */
		BCBD8CCC1CB2C119008D3EB1 /* Build configuration list for PBXProject "Journal_Redo" */ = {
			isa = XCConfigurationList;
			buildConfigurations = (
				BCBD8CE11CB2C119008D3EB1 /* Debug */,
				BCBD8CE21CB2C119008D3EB1 /* Release */,
			);
			defaultConfigurationIsVisible = 0;
			defaultConfigurationName = Release;
		};
		BCBD8CE31CB2C119008D3EB1 /* Build configuration list for PBXNativeTarget "Journal_Redo" */ = {
			isa = XCConfigurationList;
			buildConfigurations = (
				BCBD8CE41CB2C119008D3EB1 /* Debug */,
				BCBD8CE51CB2C119008D3EB1 /* Release */,
			);
			defaultConfigurationIsVisible = 0;
		};
/* End XCConfigurationList section */
	};
	rootObject = BCBD8CC91CB2C119008D3EB1 /* Project object */;
}
